
Microsoft Visual Studio Solution File, Format Version 12.00
# Visual Studio Version 16
VisualStudioVersion = 16.0.30804.86
MinimumVisualStudioVersion = 10.0.40219.1
Project("{9A19103F-16F7-4668-BE54-9A1E7A4F7556}") = "VL.NLog", "VL.NLog.csproj", "{A8CECEB2-4744-45FD-8138-4EBE5D1FC458}"
EndProject
Global
	GlobalSection(SolutionConfigurationPlatforms) = preSolution
		Debug_Log4Net|Any CPU = Debug_Log4Net|Any CPU
		Debug|Any CPU = Debug|Any CPU
		Release_Log4Net|Any CPU = Release_Log4Net|Any CPU
		Release|Any CPU = Release|Any CPU
	EndGlobalSection
	GlobalSection(ProjectConfigurationPlatforms) = postSolution
		{A8CECEB2-4744-45FD-8138-4EBE5D1FC458}.Debug_Log4Net|Any CPU.ActiveCfg = Debug_Log4Net|Any CPU
		{A8CECEB2-4744-45FD-8138-4EBE5D1FC458}.Debug_Log4Net|Any CPU.Build.0 = Debug_Log4Net|Any CPU
		{A8CECEB2-4744-45FD-8138-4EBE5D1FC458}.Debug|Any CPU.ActiveCfg = Debug|Any CPU
		{A8CECEB2-4744-45FD-8138-4EBE5D1FC458}.Debug|Any CPU.Build.0 = Debug|Any CPU
		{A8CECEB2-4744-45FD-8138-4EBE5D1FC458}.Release_Log4Net|Any CPU.ActiveCfg = Release_Log4Net|Any CPU
		{A8CECEB2-4744-45FD-8138-4EBE5D1FC458}.Release_Log4Net|Any CPU.Build.0 = Release_Log4Net|Any CPU
		{A8CECEB2-4744-45FD-8138-4EBE5D1FC458}.Release|Any CPU.ActiveCfg = Release|Any CPU
		{A8CECEB2-4744-45FD-8138-4EBE5D1FC458}.Release|Any CPU.Build.0 = Release|Any CPU
	EndGlobalSection
	GlobalSection(SolutionProperties) = preSolution
		HideSolutionNode = FALSE
	EndGlobalSection
	GlobalSection(ExtensibilityGlobals) = postSolution
		SolutionGuid = {AEF5C951-E2F8-4AF2-BCEE-0ACE247DA824}
	EndGlobalSection
EndGlobal
